{
  "name": "test-site",
  "version": "1.0.0",
  "lockfileVersion": 1,
  "dependencies": {
    "desandro-matches-selector": {
      "version": "2.0.2",
      "resolved": "https://registry.npmjs.org/desandro-matches-selector/-/desandro-matches-selector-2.0.2.tgz",
      "integrity": "sha1-cXvu1NwT59jzdi9wem1YpndCGOE="
    },
    "ev-emitter": {
      "version": "1.1.0",
      "resolved": "https://registry.npmjs.org/ev-emitter/-/ev-emitter-1.1.0.tgz",
      "integrity": "sha1-+jKVjOMZ9FUqQEr4yhbxWYUf7YQ="
    },
    "fizzy-ui-utils": {
      "version": "2.0.5",
      "resolved": "https://registry.npmjs.org/fizzy-ui-utils/-/fizzy-ui-utils-2.0.5.tgz",
      "integrity": "sha1-1y3rx00snSctvLt7ABcHiX9sMhA="
    },
    "flickity": {
      "version": "2.0.8",
      "resolved": "https://registry.npmjs.org/flickity/-/flickity-2.0.8.tgz",
      "integrity": "sha512-2UETFImG/e+gdcYP5umBpH4HYBlLL5jdBD73ZXAroGrcalT1Pt81jhRay25F8rh3ObC+jSYcsqWWZVynDNux0Q=="
    },
    "get-size": {
      "version": "2.0.2",
      "resolved": "https://registry.npmjs.org/get-size/-/get-size-2.0.2.tgz",
      "integrity": "sha1-VV6pirhzLgwCHp4j4iGa3L45jpg="
    },
    "lodash": {
      "version": "4.17.4",
      "resolved": "https://registry.npmjs.org/lodash/-/lodash-4.17.4.tgz",
      "integrity": "sha1-eCA6TRwyiuHYbcpkYONptX9AVa4="
    },
    "tap-listener": {
      "version": "2.0.0",
      "resolved": "https://registry.npmjs.org/tap-listener/-/tap-listener-2.0.0.tgz",
      "integrity": "sha1-0uEdDY58krJqVq5PNVOKJItErWM="
    },
    "unidragger": {
      "version": "2.2.2",
      "resolved": "https://registry.npmjs.org/unidragger/-/unidragger-2.2.2.tgz",
      "integrity": "sha512-soZhJ1jeLnA2ocqtbKLFtJ1uxeQkKrtM7aqXzzyoLF+OA3yYOsN4salxqDgnMwS7QhNs0MKEj+0hmNnIICE51A=="
    },
    "unipointer": {
      "version": "2.2.0",
      "resolved": "https://registry.npmjs.org/unipointer/-/unipointer-2.2.0.tgz",
      "integrity": "sha1-P2z5l/fX3Hj3U4UQalUn78XXG2E="
    }
  }
}
